
Microsoft Visual Studio Solution File, Format Version 12.00
# Visual Studio Version 16
VisualStudioVersion = 16.0.30803.129
MinimumVisualStudioVersion = 10.0.40219.1
Project("{FAE04EC0-301F-11D3-BF4B-00C04F79EFBC}") = "Repository", "Repository.csproj", "{D2415A3A-48E3-46DF-8001-750119ED9051}"
EndProject
Project("{FAE04EC0-301F-11D3-BF4B-00C04F79EFBC}") = "DoYs", "..\..\DoYs\DoYs.csproj", "{97962155-930B-4490-A006-FD0FEDAA776C}"
EndProject
Global
	GlobalSection(SolutionConfigurationPlatforms) = preSolution
		Debug|Any CPU = Debug|Any CPU
		Release|Any CPU = Release|Any CPU
	EndGlobalSection
	GlobalSection(ProjectConfigurationPlatforms) = postSolution
		{D2415A3A-48E3-46DF-8001-750119ED9051}.Debug|Any CPU.ActiveCfg = Debug|Any CPU
		{D2415A3A-48E3-46DF-8001-750119ED9051}.Debug|Any CPU.Build.0 = Debug|Any CPU
		{D2415A3A-48E3-46DF-8001-750119ED9051}.Release|Any CPU.ActiveCfg = Release|Any CPU
		{D2415A3A-48E3-46DF-8001-750119ED9051}.Release|Any CPU.Build.0 = Release|Any CPU
		{97962155-930B-4490-A006-FD0FEDAA776C}.Debug|Any CPU.ActiveCfg = Debug|Any CPU
		{97962155-930B-4490-A006-FD0FEDAA776C}.Debug|Any CPU.Build.0 = Debug|Any CPU
		{97962155-930B-4490-A006-FD0FEDAA776C}.Release|Any CPU.ActiveCfg = Release|Any CPU
		{97962155-930B-4490-A006-FD0FEDAA776C}.Release|Any CPU.Build.0 = Release|Any CPU
	EndGlobalSection
	GlobalSection(SolutionProperties) = preSolution
		HideSolutionNode = FALSE
	EndGlobalSection
	GlobalSection(ExtensibilityGlobals) = postSolution
		SolutionGuid = {2E71B5F0-B153-45F8-B6FF-B9E8ECFAF16B}
	EndGlobalSection
EndGlobal
